
Microsoft Visual Studio Solution File, Format Version 12.00
# Visual Studio Version 17
VisualStudioVersion = 17.5.002.0
MinimumVisualStudioVersion = 10.0.40219.1
Project("{9A19103F-16F7-4668-BE54-9A1E7A4F7556}") = "DesafioPOO", "DesafioPOO.csproj", "{BB7C8162-AC9F-462E-AC78-A75D4C8C0207}"
EndProject
Global
	GlobalSection(SolutionConfigurationPlatforms) = preSolution
		Debug|Any CPU = Debug|Any CPU
		Release|Any CPU = Release|Any CPU
	EndGlobalSection
	GlobalSection(ProjectConfigurationPlatforms) = postSolution
		{BB7C8162-AC9F-462E-AC78-A75D4C8C0207}.Debug|Any CPU.ActiveCfg = Debug|Any CPU
		{BB7C8162-AC9F-462E-AC78-A75D4C8C0207}.Debug|Any CPU.Build.0 = Debug|Any CPU
		{BB7C8162-AC9F-462E-AC78-A75D4C8C0207}.Release|Any CPU.ActiveCfg = Release|Any CPU
		{BB7C8162-AC9F-462E-AC78-A75D4C8C0207}.Release|Any CPU.Build.0 = Release|Any CPU
	EndGlobalSection
	GlobalSection(SolutionProperties) = preSolution
		HideSolutionNode = FALSE
	EndGlobalSection
	GlobalSection(ExtensibilityGlobals) = postSolution
		SolutionGuid = {B4BA2E78-D32B-4CFC-92D2-D65B713DA785}
	EndGlobalSection
EndGlobal
